
Microsoft Visual Studio Solution File, Format Version 12.00
# Visual Studio Version 17
VisualStudioVersion = 17.3.32819.101
MinimumVisualStudioVersion = 10.0.40219.1
Project("{9A19103F-16F7-4668-BE54-9A1E7A4F7556}") = "FxDiasSemana", "FxDiasSemana\FxDiasSemana.csproj", "{296C8935-4244-4B8E-9790-6EB4DC6CA939}"
EndProject
Global
	GlobalSection(SolutionConfigurationPlatforms) = preSolution
		Debug|Any CPU = Debug|Any CPU
		Release|Any CPU = Release|Any CPU
	EndGlobalSection
	GlobalSection(ProjectConfigurationPlatforms) = postSolution
		{296C8935-4244-4B8E-9790-6EB4DC6CA939}.Debug|Any CPU.ActiveCfg = Debug|Any CPU
		{296C8935-4244-4B8E-9790-6EB4DC6CA939}.Debug|Any CPU.Build.0 = Debug|Any CPU
		{296C8935-4244-4B8E-9790-6EB4DC6CA939}.Release|Any CPU.ActiveCfg = Release|Any CPU
		{296C8935-4244-4B8E-9790-6EB4DC6CA939}.Release|Any CPU.Build.0 = Release|Any CPU
	EndGlobalSection
	GlobalSection(SolutionProperties) = preSolution
		HideSolutionNode = FALSE
	EndGlobalSection
	GlobalSection(ExtensibilityGlobals) = postSolution
		SolutionGuid = {CD1E9964-AFF5-4031-A02B-9DB2460B57CB}
	EndGlobalSection
EndGlobal
